
Microsoft Visual Studio Solution File, Format Version 12.00
# Visual Studio Version 17
VisualStudioVersion = 17.11.35327.3
MinimumVisualStudioVersion = 10.0.40219.1
Project("{FAE04EC0-301F-11D3-BF4B-00C04F79EFBC}") = "VetClinic", "VetClinic\VetClinic.csproj", "{8D753D96-4F3C-4264-8E8F-C18C2F503156}"
EndProject
Global
	GlobalSection(SolutionConfigurationPlatforms) = preSolution
		Debug|Any CPU = Debug|Any CPU
		Release|Any CPU = Release|Any CPU
	EndGlobalSection
	GlobalSection(ProjectConfigurationPlatforms) = postSolution
		{8D753D96-4F3C-4264-8E8F-C18C2F503156}.Debug|Any CPU.ActiveCfg = Debug|Any CPU
		{8D753D96-4F3C-4264-8E8F-C18C2F503156}.Debug|Any CPU.Build.0 = Debug|Any CPU
		{8D753D96-4F3C-4264-8E8F-C18C2F503156}.Release|Any CPU.ActiveCfg = Release|Any CPU
		{8D753D96-4F3C-4264-8E8F-C18C2F503156}.Release|Any CPU.Build.0 = Release|Any CPU
	EndGlobalSection
	GlobalSection(SolutionProperties) = preSolution
		HideSolutionNode = FALSE
	EndGlobalSection
	GlobalSection(ExtensibilityGlobals) = postSolution
		SolutionGuid = {24B4AEE2-0E22-4CE0-916E-E0F18747D480}
	EndGlobalSection
EndGlobal
